{
  "version": 4,
  "terraform_version": "1.3.0",
  "serial": 75,
  "lineage": "e97dad9b-d47e-fc66-ff91-ecee62780956",
  "outputs": {},
  "resources": [
    {
      "mode": "managed",
      "type": "google_compute_firewall",
      "name": "test-firewall",
      "provider": "provider[\"registry.terraform.io/hashicorp/google\"]",
      "instances": [
        {
          "schema_version": 1,
          "attributes": {
            "allow": [
              {
                "ports": [
                  "22"
                ],
                "protocol": "tcp"
              }
            ],
            "creation_timestamp": "2022-11-02T04:56:06.270-07:00",
            "deny": [],
            "description": "",
            "destination_ranges": [],
            "direction": "INGRESS",
            "disabled": false,
            "enable_logging": null,
            "id": "projects/annular-haven-365520/global/firewalls/test-firewall",
            "log_config": [],
            "name": "test-firewall",
            "network": "https://www.googleapis.com/compute/v1/projects/annular-haven-365520/global/networks/main-vpc",
            "priority": 1000,
            "project": "annular-haven-365520",
            "self_link": "https://www.googleapis.com/compute/v1/projects/annular-haven-365520/global/firewalls/test-firewall",
            "source_ranges": [
              "0.0.0.0/0"
            ],
            "source_service_accounts": null,
            "source_tags": null,
            "target_service_accounts": null,
            "target_tags": null,
            "timeouts": null
          },
          "sensitive_attributes": [],
          "private": "eyJlMmJmYjczMC1lY2FhLTExZTYtOGY4OC0zNDM2M2JjN2M0YzAiOnsiY3JlYXRlIjoxMjAwMDAwMDAwMDAwLCJkZWxldGUiOjEyMDAwMDAwMDAwMDAsInVwZGF0ZSI6MTIwMDAwMDAwMDAwMH0sInNjaGVtYV92ZXJzaW9uIjoiMSJ9",
          "dependencies": [
            "google_compute_network.main-vpc"
          ]
        }
      ]
    },
    {
      "mode": "managed",
      "type": "google_compute_instance",
      "name": "manged-vm",
      "provider": "provider[\"registry.terraform.io/hashicorp/google\"]",
      "instances": [
        {
          "schema_version": 6,
          "attributes": {
            "advanced_machine_features": [],
            "allow_stopping_for_update": null,
            "attached_disk": [],
            "boot_disk": [
              {
                "auto_delete": true,
                "device_name": "persistent-disk-0",
                "disk_encryption_key_raw": "",
                "disk_encryption_key_sha256": "",
                "initialize_params": [
                  {
                    "image": "https://www.googleapis.com/compute/v1/projects/debian-cloud/global/images/debian-11-bullseye-v20220920",
                    "labels": {},
                    "size": 10,
                    "type": "pd-standard"
                  }
                ],
                "kms_key_self_link": "",
                "mode": "READ_WRITE",
                "source": "https://www.googleapis.com/compute/v1/projects/annular-haven-365520/zones/us-central1-a/disks/manged-vm"
              }
            ],
            "can_ip_forward": false,
            "confidential_instance_config": [],
            "cpu_platform": "Intel Broadwell",
            "current_status": "RUNNING",
            "deletion_protection": false,
            "description": "",
            "desired_status": null,
            "enable_display": false,
            "guest_accelerator": [],
            "hostname": "",
            "id": "projects/annular-haven-365520/zones/us-central1-a/instances/manged-vm",
            "instance_id": "1941353267112961034",
            "label_fingerprint": "42WmSpB8rSM=",
            "labels": null,
            "machine_type": "e2-medium",
            "metadata": null,
            "metadata_fingerprint": "KHFZpCgDJUs=",
            "metadata_startup_script": null,
            "min_cpu_platform": "",
            "name": "manged-vm",
            "network_interface": [
              {
                "access_config": [],
                "alias_ip_range": [],
                "ipv6_access_config": [],
                "ipv6_access_type": "",
                "name": "nic0",
                "network": "https://www.googleapis.com/compute/v1/projects/annular-haven-365520/global/networks/main-vpc",
                "network_ip": "10.0.1.2",
                "nic_type": "",
                "queue_count": 0,
                "stack_type": "IPV4_ONLY",
                "subnetwork": "https://www.googleapis.com/compute/v1/projects/annular-haven-365520/regions/us-central1/subnetworks/mangment",
                "subnetwork_project": "annular-haven-365520"
              }
            ],
            "project": "annular-haven-365520",
            "reservation_affinity": [],
            "resource_policies": null,
            "scheduling": [
              {
                "automatic_restart": true,
                "instance_termination_action": "",
                "min_node_cpus": 0,
                "node_affinities": [],
                "on_host_maintenance": "MIGRATE",
                "preemptible": false,
                "provisioning_model": "STANDARD"
              }
            ],
            "scratch_disk": [],
            "self_link": "https://www.googleapis.com/compute/v1/projects/annular-haven-365520/zones/us-central1-a/instances/manged-vm",
            "service_account": [
              {
                "email": "amiragcpserviceaccount@annular-haven-365520.iam.gserviceaccount.com",
                "scopes": [
                  "https://www.googleapis.com/auth/cloud-platform"
                ]
              }
            ],
            "shielded_instance_config": [
              {
                "enable_integrity_monitoring": true,
                "enable_secure_boot": false,
                "enable_vtpm": true
              }
            ],
            "tags": null,
            "tags_fingerprint": "42WmSpB8rSM=",
            "timeouts": null,
            "zone": "us-central1-a"
          },
          "sensitive_attributes": [],
          "private": "eyJlMmJmYjczMC1lY2FhLTExZTYtOGY4OC0zNDM2M2JjN2M0YzAiOnsiY3JlYXRlIjoxMjAwMDAwMDAwMDAwLCJkZWxldGUiOjEyMDAwMDAwMDAwMDAsInVwZGF0ZSI6MTIwMDAwMDAwMDAwMH0sInNjaGVtYV92ZXJzaW9uIjoiNiJ9",
          "dependencies": [
            "google_compute_network.main-vpc",
            "google_compute_subnetwork.mangment",
            "google_service_account.serviceacc"
          ]
        }
      ]
    },
    {
      "mode": "managed",
      "type": "google_compute_network",
      "name": "main-vpc",
      "provider": "provider[\"registry.terraform.io/hashicorp/google\"]",
      "instances": [
        {
          "schema_version": 0,
          "attributes": {
            "auto_create_subnetworks": false,
            "delete_default_routes_on_create": false,
            "description": "",
            "enable_ula_internal_ipv6": false,
            "gateway_ipv4": "",
            "id": "projects/annular-haven-365520/global/networks/main-vpc",
            "internal_ipv6_range": "",
            "mtu": 0,
            "name": "main-vpc",
            "project": "annular-haven-365520",
            "routing_mode": "REGIONAL",
            "self_link": "https://www.googleapis.com/compute/v1/projects/annular-haven-365520/global/networks/main-vpc",
            "timeouts": null
          },
          "sensitive_attributes": [],
          "private": "eyJlMmJmYjczMC1lY2FhLTExZTYtOGY4OC0zNDM2M2JjN2M0YzAiOnsiY3JlYXRlIjoxMjAwMDAwMDAwMDAwLCJkZWxldGUiOjEyMDAwMDAwMDAwMDAsInVwZGF0ZSI6MTIwMDAwMDAwMDAwMH19"
        }
      ]
    },
    {
      "mode": "managed",
      "type": "google_compute_router",
      "name": "router",
      "provider": "provider[\"registry.terraform.io/hashicorp/google\"]",
      "instances": [
        {
          "schema_version": 0,
          "attributes": {
            "bgp": [
              {
                "advertise_mode": "CUSTOM",
                "advertised_groups": null,
                "advertised_ip_ranges": [],
                "asn": 64514,
                "keepalive_interval": 20
              }
            ],
            "creation_timestamp": "2022-11-02T04:56:20.612-07:00",
            "description": "",
            "encrypted_interconnect_router": false,
            "id": "projects/annular-haven-365520/regions/us-central1/routers/my-router",
            "name": "my-router",
            "network": "https://www.googleapis.com/compute/v1/projects/annular-haven-365520/global/networks/main-vpc",
            "project": "annular-haven-365520",
            "region": "us-central1",
            "self_link": "https://www.googleapis.com/compute/v1/projects/annular-haven-365520/regions/us-central1/routers/my-router",
            "timeouts": null
          },
          "sensitive_attributes": [],
          "private": "eyJlMmJmYjczMC1lY2FhLTExZTYtOGY4OC0zNDM2M2JjN2M0YzAiOnsiY3JlYXRlIjoxMjAwMDAwMDAwMDAwLCJkZWxldGUiOjEyMDAwMDAwMDAwMDAsInVwZGF0ZSI6MTIwMDAwMDAwMDAwMH19",
          "dependencies": [
            "google_compute_network.main-vpc",
            "google_compute_subnetwork.mangment"
          ]
        }
      ]
    },
    {
      "mode": "managed",
      "type": "google_compute_router_nat",
      "name": "nat01",
      "provider": "provider[\"registry.terraform.io/hashicorp/google\"]",
      "instances": [
        {
          "schema_version": 0,
          "attributes": {
            "drain_nat_ips": null,
            "enable_dynamic_port_allocation": false,
            "enable_endpoint_independent_mapping": true,
            "icmp_idle_timeout_sec": 30,
            "id": "annular-haven-365520/us-central1/my-router/nat",
            "log_config": [],
            "max_ports_per_vm": 0,
            "min_ports_per_vm": 0,
            "name": "nat",
            "nat_ip_allocate_option": "AUTO_ONLY",
            "nat_ips": null,
            "project": "annular-haven-365520",
            "region": "us-central1",
            "router": "my-router",
            "rules": [],
            "source_subnetwork_ip_ranges_to_nat": "LIST_OF_SUBNETWORKS",
            "subnetwork": [
              {
                "name": "mangment",
                "secondary_ip_range_names": [],
                "source_ip_ranges_to_nat": [
                  "10.0.1.0/24"
                ]
              }
            ],
            "tcp_established_idle_timeout_sec": 1200,
            "tcp_transitory_idle_timeout_sec": 30,
            "timeouts": null,
            "udp_idle_timeout_sec": 30
          },
          "sensitive_attributes": [],
          "private": "eyJlMmJmYjczMC1lY2FhLTExZTYtOGY4OC0zNDM2M2JjN2M0YzAiOnsiY3JlYXRlIjoxMjAwMDAwMDAwMDAwLCJkZWxldGUiOjEyMDAwMDAwMDAwMDAsInVwZGF0ZSI6MTIwMDAwMDAwMDAwMH19",
          "dependencies": [
            "google_compute_network.main-vpc",
            "google_compute_router.router",
            "google_compute_subnetwork.mangment"
          ]
        }
      ]
    },
    {
      "mode": "managed",
      "type": "google_compute_subnetwork",
      "name": "mangment",
      "provider": "provider[\"registry.terraform.io/hashicorp/google\"]",
      "instances": [
        {
          "schema_version": 0,
          "attributes": {
            "creation_timestamp": "2022-11-02T04:56:06.933-07:00",
            "description": "",
            "external_ipv6_prefix": "",
            "fingerprint": null,
            "gateway_address": "10.0.1.1",
            "id": "projects/annular-haven-365520/regions/us-central1/subnetworks/mangment",
            "ip_cidr_range": "10.0.1.0/24",
            "ipv6_access_type": "",
            "ipv6_cidr_range": "",
            "log_config": [],
            "name": "mangment",
            "network": "https://www.googleapis.com/compute/v1/projects/annular-haven-365520/global/networks/main-vpc",
            "private_ip_google_access": false,
            "private_ipv6_google_access": "DISABLE_GOOGLE_ACCESS",
            "project": "annular-haven-365520",
            "purpose": "PRIVATE",
            "region": "us-central1",
            "role": "",
            "secondary_ip_range": [],
            "self_link": "https://www.googleapis.com/compute/v1/projects/annular-haven-365520/regions/us-central1/subnetworks/mangment",
            "stack_type": "IPV4_ONLY",
            "timeouts": null
          },
          "sensitive_attributes": [],
          "private": "eyJlMmJmYjczMC1lY2FhLTExZTYtOGY4OC0zNDM2M2JjN2M0YzAiOnsiY3JlYXRlIjoxMjAwMDAwMDAwMDAwLCJkZWxldGUiOjEyMDAwMDAwMDAwMDAsInVwZGF0ZSI6MTIwMDAwMDAwMDAwMH19",
          "dependencies": [
            "google_compute_network.main-vpc"
          ]
        }
      ]
    },
    {
      "mode": "managed",
      "type": "google_compute_subnetwork",
      "name": "restricted",
      "provider": "provider[\"registry.terraform.io/hashicorp/google\"]",
      "instances": [
        {
          "schema_version": 0,
          "attributes": {
            "creation_timestamp": "2022-11-02T04:56:06.894-07:00",
            "description": "",
            "external_ipv6_prefix": "",
            "fingerprint": null,
            "gateway_address": "10.0.0.1",
            "id": "projects/annular-haven-365520/regions/us-central1/subnetworks/restricted",
            "ip_cidr_range": "10.0.0.0/24",
            "ipv6_access_type": "",
            "ipv6_cidr_range": "",
            "log_config": [],
            "name": "restricted",
            "network": "https://www.googleapis.com/compute/v1/projects/annular-haven-365520/global/networks/main-vpc",
            "private_ip_google_access": false,
            "private_ipv6_google_access": "DISABLE_GOOGLE_ACCESS",
            "project": "annular-haven-365520",
            "purpose": "PRIVATE",
            "region": "us-central1",
            "role": "",
            "secondary_ip_range": [],
            "self_link": "https://www.googleapis.com/compute/v1/projects/annular-haven-365520/regions/us-central1/subnetworks/restricted",
            "stack_type": "IPV4_ONLY",
            "timeouts": null
          },
          "sensitive_attributes": [],
          "private": "eyJlMmJmYjczMC1lY2FhLTExZTYtOGY4OC0zNDM2M2JjN2M0YzAiOnsiY3JlYXRlIjoxMjAwMDAwMDAwMDAwLCJkZWxldGUiOjEyMDAwMDAwMDAwMDAsInVwZGF0ZSI6MTIwMDAwMDAwMDAwMH19",
          "dependencies": [
            "google_compute_network.main-vpc"
          ]
        }
      ]
    },
    {
      "mode": "managed",
      "type": "google_container_cluster",
      "name": "gke",
      "provider": "provider[\"registry.terraform.io/hashicorp/google\"]",
      "instances": [
        {
          "schema_version": 1,
          "attributes": {
            "addons_config": [
              {
                "cloudrun_config": [],
                "dns_cache_config": [],
                "gce_persistent_disk_csi_driver_config": [
                  {
                    "enabled": true
                  }
                ],
                "gcp_filestore_csi_driver_config": [],
                "horizontal_pod_autoscaling": [
                  {
                    "disabled": false
                  }
                ],
                "http_load_balancing": [
                  {
                    "disabled": true
                  }
                ],
                "network_policy_config": [
                  {
                    "disabled": true
                  }
                ]
              }
            ],
            "authenticator_groups_config": [],
            "binary_authorization": [
              {
                "enabled": false,
                "evaluation_mode": ""
              }
            ],
            "cluster_autoscaling": [
              {
                "auto_provisioning_defaults": [],
                "enabled": false,
                "resource_limits": []
              }
            ],
            "cluster_ipv4_cidr": "10.48.0.0/14",
            "confidential_nodes": [],
            "cost_management_config": [],
            "database_encryption": [
              {
                "key_name": "",
                "state": "DECRYPTED"
              }
            ],
            "datapath_provider": "",
            "default_max_pods_per_node": 110,
            "default_snat_status": [
              {
                "disabled": false
              }
            ],
            "description": "",
            "dns_config": [],
            "enable_autopilot": false,
            "enable_binary_authorization": false,
            "enable_intranode_visibility": false,
            "enable_kubernetes_alpha": false,
            "enable_legacy_abac": false,
            "enable_shielded_nodes": true,
            "enable_tpu": false,
            "endpoint": "172.16.0.2",
            "id": "projects/annular-haven-365520/locations/us-central1/clusters/gke",
            "initial_node_count": 1,
            "ip_allocation_policy": [
              {
                "cluster_ipv4_cidr_block": "10.48.0.0/14",
                "cluster_secondary_range_name": "gke-gke-pods-3a1a1bb6",
                "services_ipv4_cidr_block": "10.52.0.0/20",
                "services_secondary_range_name": "gke-gke-services-3a1a1bb6"
              }
            ],
            "label_fingerprint": "a9dc16a7",
            "location": "us-central1",
            "logging_config": [
              {
                "enable_components": [
                  "SYSTEM_COMPONENTS",
                  "WORKLOADS"
                ]
              }
            ],
            "logging_service": "logging.googleapis.com/kubernetes",
            "maintenance_policy": [],
            "master_auth": [
              {
                "client_certificate": "",
                "client_certificate_config": [
                  {
                    "issue_client_certificate": false
                  }
                ],
                "client_key": "",
                "cluster_ca_certificate": "LS0tLS1CRUdJTiBDRVJUSUZJQ0FURS0tLS0tCk1JSUVMVENDQXBXZ0F3SUJBZ0lSQUoxL0hMOEowYlpxMjlTcDlTQmpabk13RFFZSktvWklodmNOQVFFTEJRQXcKTHpFdE1Dc0dBMVVFQXhNa01tTTJPVFk1TTJZdFpXSmhPQzAwTlRoaUxXRmlNbUV0WVRNNU5qaGpORGt3T0RZMwpNQ0FYRFRJeU1URXdNakV3TlRZeU1Gb1lEekl3TlRJeE1ESTFNVEUxTmpJd1dqQXZNUzB3S3dZRFZRUURFeVF5Cll6WTVOamt6WmkxbFltRTRMVFExT0dJdFlXSXlZUzFoTXprMk9HTTBPVEE0Tmpjd2dnR2lNQTBHQ1NxR1NJYjMKRFFFQkFRVUFBNElCandBd2dnR0tBb0lCZ1FEMFVnbDN1aW5qWmFodEJGOWs0Umt4UmQzR3BoTjF4T2dNTThUUApCTC9wdE41Yk1nK3RzWWkyQXNpQVFzdVQvOGdKdFpDUnVyZFIzaXpmSVc4R1VzZHNCNEoxRjFwa1d5eC9saTJmCmJVelFveXQvMGh0K3lFbDBNU3BPL2RueDIrZ1FNeGgzRTY0c3BCUnFxVVJUWTVoV3Awai9aSEwvUFZVOE9LVWoKMzNzRVNuZXYvS0lNVUwrVW1nZnZQQUtQZFRWeGxHTUZVaGxLbVhja3dKV3JsS1MyaGh4TmFRMkJoYlZ3WkdkeApMdEJVamxreldkbjhCNHlMY0J5YTEzZ05PWGtBZFJ5L0JESEFaUjdIM1VUWWdwUkNnek5qWFN4MTdGOEZiV0daCk1ueEVwbVZwNURPV1NUQ0JaZTIxVVAwdnVZZXorMHNRYWplelRYQVVRU0cvUTFjRHBsMlhHTVNWOHYvaU84SzUKdzVGcmU3RlNyck5aZi94VElRaXJRb1dEUThKbkc1dERLdWNKczNUVENIU0xGUktGYm9pZC9MM2laaGx1WVlnSgp0dEpKUW9vbXJzazBzbjlCaGdMaGxLQ053Z05YL0hqQkd4a3pSVVhybmNXN2pJSVAyNFdDaERoMlFyaVJzWDVsCnRTWWlUNkJ1QWZNVkM5aDVpQzIyUk9vcEVxa0NBd0VBQWFOQ01FQXdEZ1lEVlIwUEFRSC9CQVFEQWdJRU1BOEcKQTFVZEV3RUIvd1FGTUFNQkFmOHdIUVlEVlIwT0JCWUVGSEpkYlRuSUpzckVrMkNPNGxUQ1hxcEtobjl0TUEwRwpDU3FHU0liM0RRRUJDd1VBQTRJQmdRQ3J3d1lxdnIzNnhlTEdsMGdiWGF5b1hWYkw5TjZWenhyR296SFQ3bXk1CmpZa1U3L0MwMzJQZlVzenFGZjNlanZoemM2dmpGR21TL1ZWL3l5T0ZnVGgyZ0VOaUM3NWdhM09iT1E4dUVPUDQKVzJiTGNOcXd6YjhBWERRaVA4a2M5dEZXZWM0cXUyM0ZPN0xMU2MrOVdNcmM0NzFqVlZvcDRIdE5jbEJvMmRBSApLREdOMjVtaFNYREdzcU5IR1NCRWdnbDdKQjczKzNhaCswelpUYjB5N3J3SFpoS1ZWRDk4Z3hnUGUwRHEwWE5LCmw4b1BDSmFsRit4eTVCMGdwNUdyY0RrZ00rUEpEQUNCZVUyUVhsdlJESzNmeFhKSXVZcWIra2dXTEpjYzBxcEcKeTN3aklUb2dWWXBMVThvNHFFcXVPaitqaVNjaUZieVNtQnhWRHY4b3ZnaVZUOWRVMFBVZ3dOdGVDZVhJRkhtLwp4NzJ0QWM4ZFBWN1JxczZHdVJ1RFRLVWt6SGcweC9EMXBxczhBbHVDYnlHa0FtV2h1MXd3VXJ3ZnlxRFBWK2Z4Cll3V2xtSlBaUngwSkZXcWowWEh6K3VQZmViTENEK3V0L001dTc4WmhIVi9YYXpaWURYVmpYb2gyTU4yUk1Lb2EKK3FIV0VsZkVJTFZ3RUsvcUFnN2xMZlU9Ci0tLS0tRU5EIENFUlRJRklDQVRFLS0tLS0K"
              }
            ],
            "master_authorized_networks_config": [
              {
                "cidr_blocks": [
                  {
                    "cidr_block": "10.0.1.0/24",
                    "display_name": ""
                  }
                ]
              }
            ],
            "master_version": "1.22.12-gke.2300",
            "mesh_certificates": [],
            "min_master_version": null,
            "monitoring_config": [
              {
                "enable_components": [
                  "SYSTEM_COMPONENTS"
                ]
              }
            ],
            "monitoring_service": "monitoring.googleapis.com/kubernetes",
            "name": "gke",
            "network": "projects/annular-haven-365520/global/networks/main-vpc",
            "network_policy": [
              {
                "enabled": false,
                "provider": "PROVIDER_UNSPECIFIED"
              }
            ],
            "networking_mode": "VPC_NATIVE",
            "node_config": [],
            "node_locations": [
              "us-central1-a",
              "us-central1-c",
              "us-central1-f"
            ],
            "node_pool": [],
            "node_version": "1.22.12-gke.2300",
            "notification_config": [
              {
                "pubsub": [
                  {
                    "enabled": false,
                    "filter": [],
                    "topic": ""
                  }
                ]
              }
            ],
            "operation": null,
            "private_cluster_config": [
              {
                "enable_private_endpoint": true,
                "enable_private_nodes": true,
                "master_global_access_config": [
                  {
                    "enabled": false
                  }
                ],
                "master_ipv4_cidr_block": "172.16.0.0/28",
                "peering_name": "gke-n24ed16eceb6c3e297db-fc2e-2996-peer",
                "private_endpoint": "172.16.0.2",
                "public_endpoint": "35.224.249.248"
              }
            ],
            "private_ipv6_google_access": "",
            "project": "annular-haven-365520",
            "release_channel": [
              {
                "channel": "STABLE"
              }
            ],
            "remove_default_node_pool": true,
            "resource_labels": null,
            "resource_usage_export_config": [],
            "self_link": "https://container.googleapis.com/v1/projects/annular-haven-365520/locations/us-central1/clusters/gke",
            "service_external_ips_config": [
              {
                "enabled": false
              }
            ],
            "services_ipv4_cidr": "10.52.0.0/20",
            "subnetwork": "projects/annular-haven-365520/regions/us-central1/subnetworks/restricted",
            "timeouts": null,
            "tpu_ipv4_cidr_block": "",
            "vertical_pod_autoscaling": [],
            "workload_identity_config": [
              {
                "workload_pool": "annular-haven-365520.svc.id.goog"
              }
            ]
          },
          "sensitive_attributes": [],
          "private": "eyJlMmJmYjczMC1lY2FhLTExZTYtOGY4OC0zNDM2M2JjN2M0YzAiOnsiY3JlYXRlIjoyNDAwMDAwMDAwMDAwLCJkZWxldGUiOjI0MDAwMDAwMDAwMDAsInJlYWQiOjI0MDAwMDAwMDAwMDAsInVwZGF0ZSI6MzYwMDAwMDAwMDAwMH0sInNjaGVtYV92ZXJzaW9uIjoiMSJ9",
          "dependencies": [
            "google_compute_network.main-vpc",
            "google_compute_subnetwork.restricted"
          ]
        }
      ]
    },
    {
      "mode": "managed",
      "type": "google_container_node_pool",
      "name": "general",
      "provider": "provider[\"registry.terraform.io/hashicorp/google\"]",
      "instances": [
        {
          "schema_version": 1,
          "attributes": {
            "autoscaling": [
              {
                "location_policy": "",
                "max_node_count": 1,
                "min_node_count": 1,
                "total_max_node_count": 0,
                "total_min_node_count": 0
              }
            ],
            "cluster": "gke",
            "id": "projects/annular-haven-365520/locations/us-central1/clusters/gke/nodePools/general",
            "initial_node_count": 1,
            "instance_group_urls": [
              "https://www.googleapis.com/compute/v1/projects/annular-haven-365520/zones/us-central1-a/instanceGroupManagers/gke-gke-general-f55654df-grp",
              "https://www.googleapis.com/compute/v1/projects/annular-haven-365520/zones/us-central1-f/instanceGroupManagers/gke-gke-general-016a227b-grp",
              "https://www.googleapis.com/compute/v1/projects/annular-haven-365520/zones/us-central1-c/instanceGroupManagers/gke-gke-general-133588c3-grp"
            ],
            "location": "us-central1",
            "managed_instance_group_urls": [
              "https://www.googleapis.com/compute/v1/projects/annular-haven-365520/zones/us-central1-a/instanceGroups/gke-gke-general-f55654df-grp",
              "https://www.googleapis.com/compute/v1/projects/annular-haven-365520/zones/us-central1-f/instanceGroups/gke-gke-general-016a227b-grp",
              "https://www.googleapis.com/compute/v1/projects/annular-haven-365520/zones/us-central1-c/instanceGroups/gke-gke-general-133588c3-grp"
            ],
            "management": [
              {
                "auto_repair": true,
                "auto_upgrade": true
              }
            ],
            "max_pods_per_node": 110,
            "name": "general",
            "name_prefix": "",
            "node_config": [
              {
                "boot_disk_kms_key": "",
                "disk_size_gb": 10,
                "disk_type": "pd-standard",
                "gcfs_config": [],
                "guest_accelerator": [],
                "gvnic": [],
                "image_type": "COS_CONTAINERD",
                "labels": {
                  "role": "general"
                },
                "local_ssd_count": 0,
                "machine_type": "e2-medium",
                "metadata": {
                  "disable-legacy-endpoints": "true"
                },
                "min_cpu_platform": "",
                "node_group": "",
                "oauth_scopes": [
                  "https://www.googleapis.com/auth/devstorage.read_only",
                  "https://www.googleapis.com/auth/logging.write",
                  "https://www.googleapis.com/auth/monitoring",
                  "https://www.googleapis.com/auth/service.management.readonly",
                  "https://www.googleapis.com/auth/servicecontrol",
                  "https://www.googleapis.com/auth/trace.append"
                ],
                "preemptible": true,
                "reservation_affinity": [],
                "service_account": "kubernetes@annular-haven-365520.iam.gserviceaccount.com",
                "shielded_instance_config": [
                  {
                    "enable_integrity_monitoring": true,
                    "enable_secure_boot": false
                  }
                ],
                "spot": false,
                "tags": null,
                "taint": [],
                "workload_metadata_config": [
                  {
                    "mode": "GKE_METADATA"
                  }
                ]
              }
            ],
            "node_count": 1,
            "node_locations": [
              "us-central1-a",
              "us-central1-c",
              "us-central1-f"
            ],
            "operation": null,
            "project": "annular-haven-365520",
            "timeouts": null,
            "upgrade_settings": [
              {
                "max_surge": 1,
                "max_unavailable": 1
              }
            ],
            "version": "1.22.12-gke.2300"
          },
          "sensitive_attributes": [],
          "private": "eyJlMmJmYjczMC1lY2FhLTExZTYtOGY4OC0zNDM2M2JjN2M0YzAiOnsiY3JlYXRlIjoxODAwMDAwMDAwMDAwLCJkZWxldGUiOjE4MDAwMDAwMDAwMDAsInVwZGF0ZSI6MTgwMDAwMDAwMDAwMH0sInNjaGVtYV92ZXJzaW9uIjoiMSJ9",
          "dependencies": [
            "google_compute_network.main-vpc",
            "google_compute_subnetwork.restricted",
            "google_container_cluster.gke",
            "google_service_account.kubernetes"
          ]
        }
      ]
    },
    {
      "mode": "managed",
      "type": "google_container_node_pool",
      "name": "spot",
      "provider": "provider[\"registry.terraform.io/hashicorp/google\"]",
      "instances": [
        {
          "schema_version": 1,
          "attributes": {
            "autoscaling": [
              {
                "location_policy": "",
                "max_node_count": 10,
                "min_node_count": 0,
                "total_max_node_count": 0,
                "total_min_node_count": 0
              }
            ],
            "cluster": "projects/annular-haven-365520/locations/us-central1/clusters/gke",
            "id": "projects/annular-haven-365520/locations/us-central1/clusters/gke/nodePools/spot",
            "initial_node_count": 0,
            "instance_group_urls": [
              "https://www.googleapis.com/compute/v1/projects/annular-haven-365520/zones/us-central1-a/instanceGroupManagers/gke-gke-spot-288d080d-grp",
              "https://www.googleapis.com/compute/v1/projects/annular-haven-365520/zones/us-central1-f/instanceGroupManagers/gke-gke-spot-14a9f494-grp",
              "https://www.googleapis.com/compute/v1/projects/annular-haven-365520/zones/us-central1-c/instanceGroupManagers/gke-gke-spot-426ccf0c-grp"
            ],
            "location": "us-central1",
            "managed_instance_group_urls": [
              "https://www.googleapis.com/compute/v1/projects/annular-haven-365520/zones/us-central1-a/instanceGroups/gke-gke-spot-288d080d-grp",
              "https://www.googleapis.com/compute/v1/projects/annular-haven-365520/zones/us-central1-f/instanceGroups/gke-gke-spot-14a9f494-grp",
              "https://www.googleapis.com/compute/v1/projects/annular-haven-365520/zones/us-central1-c/instanceGroups/gke-gke-spot-426ccf0c-grp"
            ],
            "management": [
              {
                "auto_repair": true,
                "auto_upgrade": true
              }
            ],
            "max_pods_per_node": 110,
            "name": "spot",
            "name_prefix": "",
            "node_config": [
              {
                "boot_disk_kms_key": "",
                "disk_size_gb": 100,
                "disk_type": "pd-standard",
                "gcfs_config": [],
                "guest_accelerator": [],
                "gvnic": [],
                "image_type": "COS_CONTAINERD",
                "labels": {},
                "local_ssd_count": 0,
                "machine_type": "e2-small",
                "metadata": {
                  "disable-legacy-endpoints": "true"
                },
                "min_cpu_platform": "",
                "node_group": "",
                "oauth_scopes": [
                  "https://www.googleapis.com/auth/cloud-platform"
                ],
                "preemptible": true,
                "reservation_affinity": [],
                "service_account": "kubernetes@annular-haven-365520.iam.gserviceaccount.com",
                "shielded_instance_config": [
                  {
                    "enable_integrity_monitoring": true,
                    "enable_secure_boot": false
                  }
                ],
                "spot": false,
                "tags": null,
                "taint": [],
                "workload_metadata_config": [
                  {
                    "mode": "GKE_METADATA"
                  }
                ]
              }
            ],
            "node_count": 0,
            "node_locations": [
              "us-central1-a",
              "us-central1-c",
              "us-central1-f"
            ],
            "operation": null,
            "project": "annular-haven-365520",
            "timeouts": null,
            "upgrade_settings": [
              {
                "max_surge": 1,
                "max_unavailable": 0
              }
            ],
            "version": "1.22.12-gke.2300"
          },
          "sensitive_attributes": [],
          "private": "eyJlMmJmYjczMC1lY2FhLTExZTYtOGY4OC0zNDM2M2JjN2M0YzAiOnsiY3JlYXRlIjoxODAwMDAwMDAwMDAwLCJkZWxldGUiOjE4MDAwMDAwMDAwMDAsInVwZGF0ZSI6MTgwMDAwMDAwMDAwMH0sInNjaGVtYV92ZXJzaW9uIjoiMSJ9",
          "dependencies": [
            "google_compute_network.main-vpc",
            "google_compute_subnetwork.restricted",
            "google_container_cluster.gke",
            "google_service_account.kubernetes"
          ]
        }
      ]
    },
    {
      "mode": "managed",
      "type": "google_project_iam_binding",
      "name": "admin-account-iam",
      "provider": "provider[\"registry.terraform.io/hashicorp/google\"]",
      "instances": [
        {
          "schema_version": 0,
          "attributes": {
            "condition": [],
            "etag": "BwXse4WSDoI=",
            "id": "annular-haven-365520/roles/storage.objectViewer",
            "members": [
              "serviceAccount:kubernetes@annular-haven-365520.iam.gserviceaccount.com"
            ],
            "project": "annular-haven-365520",
            "role": "roles/storage.objectViewer"
          },
          "sensitive_attributes": [],
          "private": "bnVsbA==",
          "dependencies": [
            "google_service_account.kubernetes"
          ]
        }
      ]
    },
    {
      "mode": "managed",
      "type": "google_project_iam_binding",
      "name": "admin-role",
      "provider": "provider[\"registry.terraform.io/hashicorp/google\"]",
      "instances": [
        {
          "schema_version": 0,
          "attributes": {
            "condition": [],
            "etag": "BwXse4WSDoI=",
            "id": "annular-haven-365520/roles/container.admin",
            "members": [
              "serviceAccount:amiragcpserviceaccount@annular-haven-365520.iam.gserviceaccount.com"
            ],
            "project": "annular-haven-365520",
            "role": "roles/container.admin"
          },
          "sensitive_attributes": [],
          "private": "bnVsbA==",
          "dependencies": [
            "google_service_account.serviceacc"
          ]
        }
      ]
    },
    {
      "mode": "managed",
      "type": "google_service_account",
      "name": "kubernetes",
      "provider": "provider[\"registry.terraform.io/hashicorp/google\"]",
      "instances": [
        {
          "schema_version": 0,
          "attributes": {
            "account_id": "kubernetes",
            "description": "",
            "disabled": false,
            "display_name": "",
            "email": "kubernetes@annular-haven-365520.iam.gserviceaccount.com",
            "id": "projects/annular-haven-365520/serviceAccounts/kubernetes@annular-haven-365520.iam.gserviceaccount.com",
            "member": "serviceAccount:kubernetes@annular-haven-365520.iam.gserviceaccount.com",
            "name": "projects/annular-haven-365520/serviceAccounts/kubernetes@annular-haven-365520.iam.gserviceaccount.com",
            "project": "annular-haven-365520",
            "timeouts": null,
            "unique_id": "105643703261685331851"
          },
          "sensitive_attributes": [],
          "private": "eyJlMmJmYjczMC1lY2FhLTExZTYtOGY4OC0zNDM2M2JjN2M0YzAiOnsiY3JlYXRlIjozMDAwMDAwMDAwMDB9fQ=="
        }
      ]
    },
    {
      "mode": "managed",
      "type": "google_service_account",
      "name": "serviceacc",
      "provider": "provider[\"registry.terraform.io/hashicorp/google\"]",
      "instances": [
        {
          "schema_version": 0,
          "attributes": {
            "account_id": "amiragcpserviceaccount",
            "description": "",
            "disabled": false,
            "display_name": "",
            "email": "amiragcpserviceaccount@annular-haven-365520.iam.gserviceaccount.com",
            "id": "projects/annular-haven-365520/serviceAccounts/amiragcpserviceaccount@annular-haven-365520.iam.gserviceaccount.com",
            "member": "serviceAccount:amiragcpserviceaccount@annular-haven-365520.iam.gserviceaccount.com",
            "name": "projects/annular-haven-365520/serviceAccounts/amiragcpserviceaccount@annular-haven-365520.iam.gserviceaccount.com",
            "project": "annular-haven-365520",
            "timeouts": null,
            "unique_id": "110029767414862713392"
          },
          "sensitive_attributes": [],
          "private": "eyJlMmJmYjczMC1lY2FhLTExZTYtOGY4OC0zNDM2M2JjN2M0YzAiOnsiY3JlYXRlIjozMDAwMDAwMDAwMDB9fQ=="
        }
      ]
    }
  ],
  "check_results": []
}
